
Microsoft Visual Studio Solution File, Format Version 12.00
# Visual Studio Version 17
VisualStudioVersion = 17.11.35431.28
MinimumVisualStudioVersion = 10.0.40219.1
Project("{FAE04EC0-301F-11D3-BF4B-00C04F79EFBC}") = "SCHOOL_ADMIN", "SCHOOL_ADMIN\SCHOOL_ADMIN.csproj", "{4884B6C6-6D85-492B-BE62-D743B36888F7}"
EndProject
Global
	GlobalSection(SolutionConfigurationPlatforms) = preSolution
		Debug|Any CPU = Debug|Any CPU
		Release|Any CPU = Release|Any CPU
	EndGlobalSection
	GlobalSection(ProjectConfigurationPlatforms) = postSolution
		{4884B6C6-6D85-492B-BE62-D743B36888F7}.Debug|Any CPU.ActiveCfg = Debug|Any CPU
		{4884B6C6-6D85-492B-BE62-D743B36888F7}.Debug|Any CPU.Build.0 = Debug|Any CPU
		{4884B6C6-6D85-492B-BE62-D743B36888F7}.Release|Any CPU.ActiveCfg = Release|Any CPU
		{4884B6C6-6D85-492B-BE62-D743B36888F7}.Release|Any CPU.Build.0 = Release|Any CPU
	EndGlobalSection
	GlobalSection(SolutionProperties) = preSolution
		HideSolutionNode = FALSE
	EndGlobalSection
	GlobalSection(ExtensibilityGlobals) = postSolution
		SolutionGuid = {8B31611C-C4F6-4AC8-8BB1-487ACE8A87F4}
	EndGlobalSection
EndGlobal
